
Microsoft Visual Studio Solution File, Format Version 12.00
# Visual Studio Version 17
VisualStudioVersion = 17.3.32929.385
MinimumVisualStudioVersion = 10.0.40219.1
Project("{FAE04EC0-301F-11D3-BF4B-00C04F79EFBC}") = "LargestNumber", "LargestNumber\LargestNumber.csproj", "{A7B6D93E-013F-4AB1-B15D-835E80C6A299}"
EndProject
Global
	GlobalSection(SolutionConfigurationPlatforms) = preSolution
		Debug|Any CPU = Debug|Any CPU
		Release|Any CPU = Release|Any CPU
	EndGlobalSection
	GlobalSection(ProjectConfigurationPlatforms) = postSolution
		{A7B6D93E-013F-4AB1-B15D-835E80C6A299}.Debug|Any CPU.ActiveCfg = Debug|Any CPU
		{A7B6D93E-013F-4AB1-B15D-835E80C6A299}.Debug|Any CPU.Build.0 = Debug|Any CPU
		{A7B6D93E-013F-4AB1-B15D-835E80C6A299}.Release|Any CPU.ActiveCfg = Release|Any CPU
		{A7B6D93E-013F-4AB1-B15D-835E80C6A299}.Release|Any CPU.Build.0 = Release|Any CPU
	EndGlobalSection
	GlobalSection(SolutionProperties) = preSolution
		HideSolutionNode = FALSE
	EndGlobalSection
	GlobalSection(ExtensibilityGlobals) = postSolution
		SolutionGuid = {826EAF39-4D0A-4B95-8E56-3C7FBAB06154}
	EndGlobalSection
EndGlobal
