
Microsoft Visual Studio Solution File, Format Version 12.00
# Visual Studio Version 17
VisualStudioVersion = 17.3.32929.385
MinimumVisualStudioVersion = 10.0.40219.1
Project("{FAE04EC0-301F-11D3-BF4B-00C04F79EFBC}") = "QuotientandRemainder", "QuotientandRemainder\QuotientandRemainder.csproj", "{15ECB2C4-800A-43C8-902A-2CD75BD5AF08}"
EndProject
Global
	GlobalSection(SolutionConfigurationPlatforms) = preSolution
		Debug|Any CPU = Debug|Any CPU
		Release|Any CPU = Release|Any CPU
	EndGlobalSection
	GlobalSection(ProjectConfigurationPlatforms) = postSolution
		{15ECB2C4-800A-43C8-902A-2CD75BD5AF08}.Debug|Any CPU.ActiveCfg = Debug|Any CPU
		{15ECB2C4-800A-43C8-902A-2CD75BD5AF08}.Debug|Any CPU.Build.0 = Debug|Any CPU
		{15ECB2C4-800A-43C8-902A-2CD75BD5AF08}.Release|Any CPU.ActiveCfg = Release|Any CPU
		{15ECB2C4-800A-43C8-902A-2CD75BD5AF08}.Release|Any CPU.Build.0 = Release|Any CPU
	EndGlobalSection
	GlobalSection(SolutionProperties) = preSolution
		HideSolutionNode = FALSE
	EndGlobalSection
	GlobalSection(ExtensibilityGlobals) = postSolution
		SolutionGuid = {1C676589-EEBE-4D6A-8F01-E8E27A1B9DA6}
	EndGlobalSection
EndGlobal
